Microsoft Visual Studio Solution File, Format Version 12.00
# Visual Studio Version 17
VisualStudioVersion = 17.13.35931.197
MinimumVisualStudioVersion = 10.0.40219.1
Project("{9A19103F-16F7-4668-BE54-9A1E7A4F7556}") = "UniverseBounty", "UniverseBounty.csproj", "{36246C8C-D51A-48CA-A567-56EDD63BA1C8}"
EndProject
Global
	GlobalSection(SolutionConfigurationPlatforms) = preSolution
		Debug|Any CPU = Debug|Any CPU
		Release|Any CPU = Release|Any CPU
		Steam|Any CPU = Steam|Any CPU
	EndGlobalSection
	GlobalSection(ProjectConfigurationPlatforms) = postSolution
		{36246C8C-D51A-48CA-A567-56EDD63BA1C8}.Debug|Any CPU.ActiveCfg = Steam|Any CPU
		{36246C8C-D51A-48CA-A567-56EDD63BA1C8}.Debug|Any CPU.Build.0 = Steam|Any CPU
		{36246C8C-D51A-48CA-A567-56EDD63BA1C8}.Release|Any CPU.ActiveCfg = Steam|Any CPU
		{36246C8C-D51A-48CA-A567-56EDD63BA1C8}.Release|Any CPU.Build.0 = Steam|Any CPU
		{36246C8C-D51A-48CA-A567-56EDD63BA1C8}.Steam|Any CPU.ActiveCfg = Steam|Any CPU
		{36246C8C-D51A-48CA-A567-56EDD63BA1C8}.Steam|Any CPU.Build.0 = Steam|Any CPU
	EndGlobalSection
	GlobalSection(SolutionProperties) = preSolution
		HideSolutionNode = FALSE
	EndGlobalSection
	GlobalSection(ExtensibilityGlobals) = postSolution
		SolutionGuid = {1ACC1894-64FB-4A1D-96A4-A0FA800D970B}
	EndGlobalSection
EndGlobal
